// !$*UTF8*$!
{
	archiveVersion = 1;
	classes = {
	};
	objectVersion = 56;
	objects = {

/* Begin PBXBuildFile section */
		ED8E0BC929E014EB00BAB83B /* AppDelegate.swift in Sources */ = {isa = PBXBuildFile; fileRef = ED8E0BC829E014EB00BAB83B /* AppDelegate.swift */; };
		ED8E0BCB29E014EB00BAB83B /* SceneDelegate.swift in Sources */ = {isa = PBXBuildFile; fileRef = ED8E0BCA29E014EB00BAB83B /* SceneDelegate.swift */; };
		ED8E0BCD29E014EB00BAB83B /* RecentPhotosTableViewController.swift in Sources */ = {isa = PBXBuildFile; fileRef = ED8E0BCC29E014EB00BAB83B /* RecentPhotosTableViewController.swift */; };
		ED8E0BD029E014EB00BAB83B /* Main.storyboard in Resources */ = {isa = PBXBuildFile; fileRef = ED8E0BCE29E014EB00BAB83B /* Main.storyboard */; };
		ED8E0BD229E014EC00BAB83B /* Assets.xcassets in Resources */ = {isa = PBXBuildFile; fileRef = ED8E0BD129E014EC00BAB83B /* Assets.xcassets */; };
		ED8E0BD529E014EC00BAB83B /* LaunchScreen.storyboard in Resources */ = {isa = PBXBuildFile; fileRef = ED8E0BD329E014EC00BAB83B /* LaunchScreen.storyboard */; };
		ED8E0BE129E06CD300BAB83B /* PhotoTableViewCell.swift in Sources */ = {isa = PBXBuildFile; fileRef = ED8E0BE029E06CD300BAB83B /* PhotoTableViewCell.swift */; };
		ED8E0BE429E06F7400BAB83B /* PhotoDetailViewController.swift in Sources */ = {isa = PBXBuildFile; fileRef = ED8E0BE329E06F7400BAB83B /* PhotoDetailViewController.swift */; };
		ED8E0BEA29E0703C00BAB83B /* PhotoDetail.storyboard in Resources */ = {isa = PBXBuildFile; fileRef = ED8E0BE929E0703C00BAB83B /* PhotoDetail.storyboard */; };
		ED8E0BED29E10E1500BAB83B /* PhotosResponse.swift in Sources */ = {isa = PBXBuildFile; fileRef = ED8E0BEC29E10E1500BAB83B /* PhotosResponse.swift */; };
		ED8E0BEF29E10E5100BAB83B /* Photos.swift in Sources */ = {isa = PBXBuildFile; fileRef = ED8E0BEE29E10E5100BAB83B /* Photos.swift */; };
		ED8E0BF129E10FBF00BAB83B /* Photo.swift in Sources */ = {isa = PBXBuildFile; fileRef = ED8E0BF029E10FBF00BAB83B /* Photo.swift */; };
/* End PBXBuildFile section */

/* Begin PBXFileReference section */
		ED8E0BC529E014EB00BAB83B /* Patika - Flickr Client App.app */ = {isa = PBXFileReference; explicitFileType = wrapper.application; includeInIndex = 0; path = "Patika - Flickr Client App.app"; sourceTree = BUILT_PRODUCTS_DIR; };
		ED8E0BC829E014EB00BAB83B /* AppDelegate.swift */ = {isa = PBXFileReference; lastKnownFileType = sourcecode.swift; path = AppDelegate.swift; sourceTree = "<group>"; };
		ED8E0BCA29E014EB00BAB83B /* SceneDelegate.swift */ = {isa = PBXFileReference; lastKnownFileType = sourcecode.swift; path = SceneDelegate.swift; sourceTree = "<group>"; };
		ED8E0BCC29E014EB00BAB83B /* RecentPhotosTableViewController.swift */ = {isa = PBXFileReference; lastKnownFileType = sourcecode.swift; path = RecentPhotosTableViewController.swift; sourceTree = "<group>"; };
		ED8E0BCF29E014EB00BAB83B /* Base */ = {isa = PBXFileReference; lastKnownFileType = file.storyboard; name = Base; path = Base.lproj/Main.storyboard; sourceTree = "<group>"; };
		ED8E0BD129E014EC00BAB83B /* Assets.xcassets */ = {isa = PBXFileReference; lastKnownFileType = folder.assetcatalog; path = Assets.xcassets; sourceTree = "<group>"; };
		ED8E0BD429E014EC00BAB83B /* Base */ = {isa = PBXFileReference; lastKnownFileType = file.storyboard; name = Base; path = Base.lproj/LaunchScreen.storyboard; sourceTree = "<group>"; };
		ED8E0BD629E014EC00BAB83B /* Info.plist */ = {isa = PBXFileReference; lastKnownFileType = text.plist.xml; path = Info.plist; sourceTree = "<group>"; };
		ED8E0BE029E06CD300BAB83B /* PhotoTableViewCell.swift */ = {isa = PBXFileReference; lastKnownFileType = sourcecode.swift; path = PhotoTableViewCell.swift; sourceTree = "<group>"; };
		ED8E0BE329E06F7400BAB83B /* PhotoDetailViewController.swift */ = {isa = PBXFileReference; lastKnownFileType = sourcecode.swift; path = PhotoDetailViewController.swift; sourceTree = "<group>"; };
		ED8E0BE929E0703C00BAB83B /* PhotoDetail.storyboard */ = {isa = PBXFileReference; lastKnownFileType = file.storyboard; path = PhotoDetail.storyboard; sourceTree = "<group>"; };
		ED8E0BEC29E10E1500BAB83B /* PhotosResponse.swift */ = {isa = PBXFileReference; lastKnownFileType = sourcecode.swift; path = PhotosResponse.swift; sourceTree = "<group>"; };
		ED8E0BEE29E10E5100BAB83B /* Photos.swift */ = {isa = PBXFileReference; lastKnownFileType = sourcecode.swift; path = Photos.swift; sourceTree = "<group>"; };
		ED8E0BF029E10FBF00BAB83B /* Photo.swift */ = {isa = PBXFileReference; lastKnownFileType = sourcecode.swift; path = Photo.swift; sourceTree = "<group>"; };
/* End PBXFileReference section */

/* Begin PBXFrameworksBuildPhase section */
		ED8E0BC229E014EB00BAB83B /* Frameworks */ = {
			isa = PBXFrameworksBuildPhase;
			buildActionMask = 2147483647;
			files = (
			);
			runOnlyForDeploymentPostprocessing = 0;
		};
/* End PBXFrameworksBuildPhase section */

/* Begin PBXGroup section */
		ED8E0BBC29E014EB00BAB83B = {
			isa = PBXGroup;
			children = (
				ED8E0BC729E014EB00BAB83B /* Patika - Flickr Client App */,
				ED8E0BC629E014EB00BAB83B /* Products */,
			);
			sourceTree = "<group>";
		};
		ED8E0BC629E014EB00BAB83B /* Products */ = {
			isa = PBXGroup;
			children = (
				ED8E0BC529E014EB00BAB83B /* Patika - Flickr Client App.app */,
			);
			name = Products;
			sourceTree = "<group>";
		};
		ED8E0BC729E014EB00BAB83B /* Patika - Flickr Client App */ = {
			isa = PBXGroup;
			children = (
				ED8E0BDC29E01C5700BAB83B /* App */,
				ED8E0BDD29E01C6300BAB83B /* Screens */,
				ED8E0BDE29E01C6C00BAB83B /* Supporting Files */,
			);
			path = "Patika - Flickr Client App";
			sourceTree = "<group>";
		};
		ED8E0BDC29E01C5700BAB83B /* App */ = {
			isa = PBXGroup;
			children = (
				ED8E0BC829E014EB00BAB83B /* AppDelegate.swift */,
				ED8E0BCA29E014EB00BAB83B /* SceneDelegate.swift */,
			);
			path = App;
			sourceTree = "<group>";
		};
		ED8E0BDD29E01C6300BAB83B /* Screens */ = {
			isa = PBXGroup;
			children = (
				ED8E0BE229E06EB600BAB83B /* PhotoDetail */,
				ED8E0BDF29E01CA500BAB83B /* RecentPhotos */,
			);
			path = Screens;
			sourceTree = "<group>";
		};
		ED8E0BDE29E01C6C00BAB83B /* Supporting Files */ = {
			isa = PBXGroup;
			children = (
				ED8E0BD129E014EC00BAB83B /* Assets.xcassets */,
				ED8E0BD329E014EC00BAB83B /* LaunchScreen.storyboard */,
				ED8E0BD629E014EC00BAB83B /* Info.plist */,
			);
			path = "Supporting Files";
			sourceTree = "<group>";
		};
		ED8E0BDF29E01CA500BAB83B /* RecentPhotos */ = {
			isa = PBXGroup;
			children = (
				ED8E0BEB29E10DFA00BAB83B /* Model */,
				ED8E0BE629E06F9E00BAB83B /* View */,
				ED8E0BE529E06F9200BAB83B /* Controller */,
			);
			path = RecentPhotos;
			sourceTree = "<group>";
		};
		ED8E0BE229E06EB600BAB83B /* PhotoDetail */ = {
			isa = PBXGroup;
			children = (
				ED8E0BE829E0700000BAB83B /* View */,
				ED8E0BE729E06FF900BAB83B /* Controller */,
			);
			path = PhotoDetail;
			sourceTree = "<group>";
		};
		ED8E0BE529E06F9200BAB83B /* Controller */ = {
			isa = PBXGroup;
			children = (
				ED8E0BCC29E014EB00BAB83B /* RecentPhotosTableViewController.swift */,
			);
			path = Controller;
			sourceTree = "<group>";
		};
		ED8E0BE629E06F9E00BAB83B /* View */ = {
			isa = PBXGroup;
			children = (
				ED8E0BE029E06CD300BAB83B /* PhotoTableViewCell.swift */,
				ED8E0BCE29E014EB00BAB83B /* Main.storyboard */,
			);
			path = View;
			sourceTree = "<group>";
		};
		ED8E0BE729E06FF900BAB83B /* Controller */ = {
			isa = PBXGroup;
			children = (
				ED8E0BE329E06F7400BAB83B /* PhotoDetailViewController.swift */,
			);
			path = Controller;
			sourceTree = "<group>";
		};
		ED8E0BE829E0700000BAB83B /* View */ = {
			isa = PBXGroup;
			children = (
				ED8E0BE929E0703C00BAB83B /* PhotoDetail.storyboard */,
			);
			path = View;
			sourceTree = "<group>";
		};
		ED8E0BEB29E10DFA00BAB83B /* Model */ = {
			isa = PBXGroup;
			children = (
				ED8E0BEC29E10E1500BAB83B /* PhotosResponse.swift */,
				ED8E0BEE29E10E5100BAB83B /* Photos.swift */,
				ED8E0BF029E10FBF00BAB83B /* Photo.swift */,
			);
			path = Model;
			sourceTree = "<group>";
		};
/* End PBXGroup section */

/* Begin PBXNativeTarget section */
		ED8E0BC429E014EB00BAB83B /* Patika - Flickr Client App */ = {
			isa = PBXNativeTarget;
			buildConfigurationList = ED8E0BD929E014EC00BAB83B /* Build configuration list for PBXNativeTarget "Patika - Flickr Client App" */;
			buildPhases = (
				ED8E0BC129E014EB00BAB83B /* Sources */,
				ED8E0BC229E014EB00BAB83B /* Frameworks */,
				ED8E0BC329E014EB00BAB83B /* Resources */,
			);
			buildRules = (
			);
			dependencies = (
			);
			name = "Patika - Flickr Client App";
			productName = "Patika - Flickr Client App";
			productReference = ED8E0BC529E014EB00BAB83B /* Patika - Flickr Client App.app */;
			productType = "com.apple.product-type.application";
		};
/* End PBXNativeTarget section */

/* Begin PBXProject section */
		ED8E0BBD29E014EB00BAB83B /* Project object */ = {
			isa = PBXProject;
			attributes = {
				BuildIndependentTargetsInParallel = 1;
				LastSwiftUpdateCheck = 1430;
				LastUpgradeCheck = 1430;
				TargetAttributes = {
					ED8E0BC429E014EB00BAB83B = {
						CreatedOnToolsVersion = 14.3;
					};
				};
			};
			buildConfigurationList = ED8E0BC029E014EB00BAB83B /* Build configuration list for PBXProject "Patika - Flickr Client App" */;
			compatibilityVersion = "Xcode 14.0";
			developmentRegion = en;
			hasScannedForEncodings = 0;
			knownRegions = (
				en,
				Base,
			);
			mainGroup = ED8E0BBC29E014EB00BAB83B;
			productRefGroup = ED8E0BC629E014EB00BAB83B /* Products */;
			projectDirPath = "";
			projectRoot = "";
			targets = (
				ED8E0BC429E014EB00BAB83B /* Patika - Flickr Client App */,
			);
		};
/* End PBXProject section */

/* Begin PBXResourcesBuildPhase section */
		ED8E0BC329E014EB00BAB83B /* Resources */ = {
			isa = PBXResourcesBuildPhase;
			buildActionMask = 2147483647;
			files = (
				ED8E0BD529E014EC00BAB83B /* LaunchScreen.storyboard in Resources */,
				ED8E0BD229E014EC00BAB83B /* Assets.xcassets in Resources */,
				ED8E0BEA29E0703C00BAB83B /* PhotoDetail.storyboard in Resources */,
				ED8E0BD029E014EB00BAB83B /* Main.storyboard in Resources */,
			);
			runOnlyForDeploymentPostprocessing = 0;
		};
/* End PBXResourcesBuildPhase section */

/* Begin PBXSourcesBuildPhase section */
		ED8E0BC129E014EB00BAB83B /* Sources */ = {
			isa = PBXSourcesBuildPhase;
			buildActionMask = 2147483647;
			files = (
				ED8E0BF129E10FBF00BAB83B /* Photo.swift in Sources */,
				ED8E0BE129E06CD300BAB83B /* PhotoTableViewCell.swift in Sources */,
				ED8E0BCD29E014EB00BAB83B /* RecentPhotosTableViewController.swift in Sources */,
				ED8E0BC929E014EB00BAB83B /* AppDelegate.swift in Sources */,
				ED8E0BED29E10E1500BAB83B /* PhotosResponse.swift in Sources */,
				ED8E0BE429E06F7400BAB83B /* PhotoDetailViewController.swift in Sources */,
				ED8E0BCB29E014EB00BAB83B /* SceneDelegate.swift in Sources */,
				ED8E0BEF29E10E5100BAB83B /* Photos.swift in Sources */,
			);
			runOnlyForDeploymentPostprocessing = 0;
		};
/* End PBXSourcesBuildPhase section */

/* Begin PBXVariantGroup section */
		ED8E0BCE29E014EB00BAB83B /* Main.storyboard */ = {
			isa = PBXVariantGroup;
			children = (
				ED8E0BCF29E014EB00BAB83B /* Base */,
			);
			name = Main.storyboard;
			sourceTree = "<group>";
		};
		ED8E0BD329E014EC00BAB83B /* LaunchScreen.storyboard */ = {
			isa = PBXVariantGroup;
			children = (
				ED8E0BD429E014EC00BAB83B /* Base */,
			);
			name = LaunchScreen.storyboard;
			sourceTree = "<group>";
		};
/* End PBXVariantGroup section */

/* Begin XCBuildConfiguration section */
		ED8E0BD729E014EC00BAB83B /* Debug */ = {
			isa = XCBuildConfiguration;
			buildSettings = {
				ALWAYS_SEARCH_USER_PATHS = NO;
				CLANG_ANALYZER_NONNULL = YES;
				CLANG_ANALYZER_NUMBER_OBJECT_CONVERSION = YES_AGGRESSIVE;
				CLANG_CXX_LANGUAGE_STANDARD = "gnu++20";
				CLANG_ENABLE_MODULES = YES;
				CLANG_ENABLE_OBJC_ARC = YES;
				CLANG_ENABLE_OBJC_WEAK = YES;
				CLANG_WARN_BLOCK_CAPTURE_AUTORELEASING = YES;
				CLANG_WARN_BOOL_CONVERSION = YES;
				CLANG_WARN_COMMA = YES;
				CLANG_WARN_CONSTANT_CONVERSION = YES;
				CLANG_WARN_DEPRECATED_OBJC_IMPLEMENTATIONS = YES;
				CLANG_WARN_DIRECT_OBJC_ISA_USAGE = YES_ERROR;
				CLANG_WARN_DOCUMENTATION_COMMENTS = YES;
				CLANG_WARN_EMPTY_BODY = YES;
				CLANG_WARN_ENUM_CONVERSION = YES;
				CLANG_WARN_INFINITE_RECURSION = YES;
				CLANG_WARN_INT_CONVERSION = YES;
				CLANG_WARN_NON_LITERAL_NULL_CONVERSION = YES;
				CLANG_WARN_OBJC_IMPLICIT_RETAIN_SELF = YES;
				CLANG_WARN_OBJC_LITERAL_CONVERSION = YES;
				CLANG_WARN_OBJC_ROOT_CLASS = YES_ERROR;
				CLANG_WARN_QUOTED_INCLUDE_IN_FRAMEWORK_HEADER = YES;
				CLANG_WARN_RANGE_LOOP_ANALYSIS = YES;
				CLANG_WARN_STRICT_PROTOTYPES = YES;
				CLANG_WARN_SUSPICIOUS_MOVE = YES;
				CLANG_WARN_UNGUARDED_AVAILABILITY = YES_AGGRESSIVE;
				CLANG_WARN_UNREACHABLE_CODE = YES;
				CLANG_WARN__DUPLICATE_METHOD_MATCH = YES;
				COPY_PHASE_STRIP = NO;
				DEBUG_INFORMATION_FORMAT = dwarf;
				ENABLE_STRICT_OBJC_MSGSEND = YES;
				ENABLE_TESTABILITY = YES;
				GCC_C_LANGUAGE_STANDARD = gnu11;
				GCC_DYNAMIC_NO_PIC = NO;
				GCC_NO_COMMON_BLOCKS = YES;
				GCC_OPTIMIZATION_LEVEL = 0;
				GCC_PREPROCESSOR_DEFINITIONS = (
					"DEBUG=1",
					"$(inherited)",
				);
				GCC_WARN_64_TO_32_BIT_CONVERSION = YES;
				GCC_WARN_ABOUT_RETURN_TYPE = YES_ERROR;
				GCC_WARN_UNDECLARED_SELECTOR = YES;
				GCC_WARN_UNINITIALIZED_AUTOS = YES_AGGRESSIVE;
				GCC_WARN_UNUSED_FUNCTION = YES;
				GCC_WARN_UNUSED_VARIABLE = YES;
				IPHONEOS_DEPLOYMENT_TARGET = 16.4;
				MTL_ENABLE_DEBUG_INFO = INCLUDE_SOURCE;
				MTL_FAST_MATH = YES;
				ONLY_ACTIVE_ARCH = YES;
				SDKROOT = iphoneos;
				SWIFT_ACTIVE_COMPILATION_CONDITIONS = DEBUG;
				SWIFT_OPTIMIZATION_LEVEL = "-Onone";
			};
			name = Debug;
		};
		ED8E0BD829E014EC00BAB83B /* Release */ = {
			isa = XCBuildConfiguration;
			buildSettings = {
				ALWAYS_SEARCH_USER_PATHS = NO;
				CLANG_ANALYZER_NONNULL = YES;
				CLANG_ANALYZER_NUMBER_OBJECT_CONVERSION = YES_AGGRESSIVE;
				CLANG_CXX_LANGUAGE_STANDARD = "gnu++20";
				CLANG_ENABLE_MODULES = YES;
				CLANG_ENABLE_OBJC_ARC = YES;
				CLANG_ENABLE_OBJC_WEAK = YES;
				CLANG_WARN_BLOCK_CAPTURE_AUTORELEASING = YES;
				CLANG_WARN_BOOL_CONVERSION = YES;
				CLANG_WARN_COMMA = YES;
				CLANG_WARN_CONSTANT_CONVERSION = YES;
				CLANG_WARN_DEPRECATED_OBJC_IMPLEMENTATIONS = YES;
				CLANG_WARN_DIRECT_OBJC_ISA_USAGE = YES_ERROR;
				CLANG_WARN_DOCUMENTATION_COMMENTS = YES;
				CLANG_WARN_EMPTY_BODY = YES;
				CLANG_WARN_ENUM_CONVERSION = YES;
				CLANG_WARN_INFINITE_RECURSION = YES;
				CLANG_WARN_INT_CONVERSION = YES;
				CLANG_WARN_NON_LITERAL_NULL_CONVERSION = YES;
				CLANG_WARN_OBJC_IMPLICIT_RETAIN_SELF = YES;
				CLANG_WARN_OBJC_LITERAL_CONVERSION = YES;
				CLANG_WARN_OBJC_ROOT_CLASS = YES_ERROR;
				CLANG_WARN_QUOTED_INCLUDE_IN_FRAMEWORK_HEADER = YES;
				CLANG_WARN_RANGE_LOOP_ANALYSIS = YES;
				CLANG_WARN_STRICT_PROTOTYPES = YES;
				CLANG_WARN_SUSPICIOUS_MOVE = YES;
				CLANG_WARN_UNGUARDED_AVAILABILITY = YES_AGGRESSIVE;
				CLANG_WARN_UNREACHABLE_CODE = YES;
				CLANG_WARN__DUPLICATE_METHOD_MATCH = YES;
				COPY_PHASE_STRIP = NO;
				DEBUG_INFORMATION_FORMAT = "dwarf-with-dsym";
				ENABLE_NS_ASSERTIONS = NO;
				ENABLE_STRICT_OBJC_MSGSEND = YES;
				GCC_C_LANGUAGE_STANDARD = gnu11;
				GCC_NO_COMMON_BLOCKS = YES;
				GCC_WARN_64_TO_32_BIT_CONVERSION = YES;
				GCC_WARN_ABOUT_RETURN_TYPE = YES_ERROR;
				GCC_WARN_UNDECLARED_SELECTOR = YES;
				GCC_WARN_UNINITIALIZED_AUTOS = YES_AGGRESSIVE;
				GCC_WARN_UNUSED_FUNCTION = YES;
				GCC_WARN_UNUSED_VARIABLE = YES;
				IPHONEOS_DEPLOYMENT_TARGET = 16.4;
				MTL_ENABLE_DEBUG_INFO = NO;
				MTL_FAST_MATH = YES;
				SDKROOT = iphoneos;
				SWIFT_COMPILATION_MODE = wholemodule;
				SWIFT_OPTIMIZATION_LEVEL = "-O";
				VALIDATE_PRODUCT = YES;
			};
			name = Release;
		};
		ED8E0BDA29E014EC00BAB83B /* Debug */ = {
			isa = XCBuildConfiguration;
			buildSettings = {
				ASSETCATALOG_COMPILER_APPICON_NAME = AppIcon;
				ASSETCATALOG_COMPILER_GLOBAL_ACCENT_COLOR_NAME = AccentColor;
				CODE_SIGN_STYLE = Automatic;
				CURRENT_PROJECT_VERSION = 1;
				GENERATE_INFOPLIST_FILE = YES;
				INFOPLIST_FILE = "Patika - Flickr Client App/Supporting Files/Info.plist";
				INFOPLIST_KEY_UIApplicationSupportsIndirectInputEvents = YES;
				INFOPLIST_KEY_UILaunchStoryboardName = LaunchScreen;
				INFOPLIST_KEY_UIMainStoryboardFile = Main;
				INFOPLIST_KEY_UISupportedInterfaceOrientations = UIInterfaceOrientationPortrait;
				INFOPLIST_KEY_UISupportedInterfaceOrientations_iPad = "UIInterfaceOrientationLandscapeLeft UIInterfaceOrientationLandscapeRight UIInterfaceOrientationPortrait UIInterfaceOrientationPortraitUpsideDown";
				LD_RUNPATH_SEARCH_PATHS = (
					"$(inherited)",
					"@executable_path/Frameworks",
				);
				MARKETING_VERSION = 1.0;
				PRODUCT_BUNDLE_IDENTIFIER = "com.kayratuluay.Patika---Flickr-Client-App";
				PRODUCT_NAME = "$(TARGET_NAME)";
				SUPPORTED_PLATFORMS = "iphoneos iphonesimulator";
				SUPPORTS_MACCATALYST = NO;
				SUPPORTS_MAC_DESIGNED_FOR_IPHONE_IPAD = NO;
				SWIFT_EMIT_LOC_STRINGS = YES;
				SWIFT_VERSION = 5.0;
				TARGETED_DEVICE_FAMILY = 1;
			};
			name = Debug;
		};
		ED8E0BDB29E014EC00BAB83B /* Release */ = {
			isa = XCBuildConfiguration;
			buildSettings = {
				ASSETCATALOG_COMPILER_APPICON_NAME = AppIcon;
				ASSETCATALOG_COMPILER_GLOBAL_ACCENT_COLOR_NAME = AccentColor;
				CODE_SIGN_STYLE = Automatic;
				CURRENT_PROJECT_VERSION = 1;
				GENERATE_INFOPLIST_FILE = YES;
				INFOPLIST_FILE = "Patika - Flickr Client App/Supporting Files/Info.plist";
				INFOPLIST_KEY_UIApplicationSupportsIndirectInputEvents = YES;
				INFOPLIST_KEY_UILaunchStoryboardName = LaunchScreen;
				INFOPLIST_KEY_UIMainStoryboardFile = Main;
				INFOPLIST_KEY_UISupportedInterfaceOrientations = UIInterfaceOrientationPortrait;
				INFOPLIST_KEY_UISupportedInterfaceOrientations_iPad = "UIInterfaceOrientationLandscapeLeft UIInterfaceOrientationLandscapeRight UIInterfaceOrientationPortrait UIInterfaceOrientationPortraitUpsideDown";
				LD_RUNPATH_SEARCH_PATHS = (
					"$(inherited)",
					"@executable_path/Frameworks",
				);
				MARKETING_VERSION = 1.0;
				PRODUCT_BUNDLE_IDENTIFIER = "com.kayratuluay.Patika---Flickr-Client-App";
				PRODUCT_NAME = "$(TARGET_NAME)";
				SUPPORTED_PLATFORMS = "iphoneos iphonesimulator";
				SUPPORTS_MACCATALYST = NO;
				SUPPORTS_MAC_DESIGNED_FOR_IPHONE_IPAD = NO;
				SWIFT_EMIT_LOC_STRINGS = YES;
				SWIFT_VERSION = 5.0;
				TARGETED_DEVICE_FAMILY = 1;
			};
			name = Release;
		};
/* End XCBuildConfiguration section */

/* Begin XCConfigurationList section */
		ED8E0BC029E014EB00BAB83B /* Build configuration list for PBXProject "Patika - Flickr Client App" */ = {
			isa = XCConfigurationList;
			buildConfigurations = (
				ED8E0BD729E014EC00BAB83B /* Debug */,
				ED8E0BD829E014EC00BAB83B /* Release */,
			);
			defaultConfigurationIsVisible = 0;
			defaultConfigurationName = Release;
		};
		ED8E0BD929E014EC00BAB83B /* Build configuration list for PBXNativeTarget "Patika - Flickr Client App" */ = {
			isa = XCConfigurationList;
			buildConfigurations = (
				ED8E0BDA29E014EC00BAB83B /* Debug */,
				ED8E0BDB29E014EC00BAB83B /* Release */,
			);
			defaultConfigurationIsVisible = 0;
			defaultConfigurationName = Release;
		};
/* End XCConfigurationList section */
	};
	rootObject = ED8E0BBD29E014EB00BAB83B /* Project object */;
}
